
Microsoft Visual Studio Solution File, Format Version 12.00
# Visual Studio Version 16
VisualStudioVersion = 16.0.32228.343
MinimumVisualStudioVersion = 10.0.40219.1
Project("{9A19103F-16F7-4668-BE54-9A1E7A4F7556}") = "PatternStrategy_Duck", "PatternStrategy_Duck\PatternStrategy_Duck.csproj", "{266FD537-8C9D-487D-B3E5-6D80E1E0566B}"
EndProject
Project("{9A19103F-16F7-4668-BE54-9A1E7A4F7556}") = "PatternObserver_WeatherDisplay", "PatternObserver_WeatherDisplay\PatternObserver_WeatherDisplay.csproj", "{27C84508-0DE2-490D-BBB8-8949D1EF683D}"
EndProject
Project("{9A19103F-16F7-4668-BE54-9A1E7A4F7556}") = "PatternDecorator_CoffeeShop", "PatternDecorator_CoffeeShop\PatternDecorator_CoffeeShop.csproj", "{43B0F658-B865-4607-8C76-C67ADAA933A7}"
EndProject
Project("{9A19103F-16F7-4668-BE54-9A1E7A4F7556}") = "PatternFactory_PizzaStore", "PatternFactory_PizzaStore\PatternFactory_PizzaStore.csproj", "{A86DC505-01B2-41A4-91E9-016049073660}"
EndProject
Project("{9A19103F-16F7-4668-BE54-9A1E7A4F7556}") = "PatternSingleton_ChocolateBolier", "PatternSingleton_ChocolateBolier\PatternSingleton_ChocolateBolier.csproj", "{4E990543-FC6A-484F-A055-FB5B96FA426D}"
EndProject
Project("{9A19103F-16F7-4668-BE54-9A1E7A4F7556}") = "PatternCommand_RemoteController", "PatternCommand_RemoteController\PatternCommand_RemoteController.csproj", "{59E7F0DE-0914-42D6-9EE9-4F8743EC31A0}"
EndProject
Project("{9A19103F-16F7-4668-BE54-9A1E7A4F7556}") = "PatternAdapter_DuckConsole", "PatternAdapter_DuckConsole\PatternAdapter_DuckConsole.csproj", "{466AA367-45D2-45FB-A967-3DAEFDD960B9}"
EndProject
Project("{9A19103F-16F7-4668-BE54-9A1E7A4F7556}") = "PatternTemplate_CaffeineBeverage", "PatternTemplate_CaffeineBeverage\PatternTemplate_CaffeineBeverage.csproj", "{D33DF5B7-7E9B-495A-9DE0-8EE5C6349446}"
EndProject
Project("{9A19103F-16F7-4668-BE54-9A1E7A4F7556}") = "PatternIterator_RestaurantMA", "PatternIterator_RestaurantMA\PatternIterator_RestaurantMA.csproj", "{A137213C-7614-45C7-BF80-6F9875E70C40}"
EndProject
Project("{9A19103F-16F7-4668-BE54-9A1E7A4F7556}") = "PatternIterator_CSharpeRestaurantMA", "PatternIterator_CSharpeRestaurantMA\PatternIterator_CSharpeRestaurantMA.csproj", "{5DB0CBD0-AEA2-4CB2-B24A-441039F8DC05}"
EndProject
Project("{9A19103F-16F7-4668-BE54-9A1E7A4F7556}") = "PatternIterator_CSharpeRestaurantMA_YieldImplementation", "PatternIterator_CSharpeRestaurantMA_YieldImplementation\PatternIterator_CSharpeRestaurantMA_YieldImplementation.csproj", "{FCFF4D0D-B27F-4099-805D-6A1944E1A5DF}"
EndProject
Project("{9A19103F-16F7-4668-BE54-9A1E7A4F7556}") = "PatternComposition_MenuComponent", "PatternComposition_MenuComponent\PatternComposition_MenuComponent.csproj", "{3781EFB5-B35E-46B8-A055-5A0F2AEBB531}"
EndProject
Project("{FAE04EC0-301F-11D3-BF4B-00C04F79EFBC}") = "PatternState_CandyMachine", "PatternState_CandyMachine\PatternState_CandyMachine.csproj", "{8A324703-F727-4917-A405-358697F5B910}"
EndProject
Global
	GlobalSection(SolutionConfigurationPlatforms) = preSolution
		Debug|Any CPU = Debug|Any CPU
		Release|Any CPU = Release|Any CPU
	EndGlobalSection
	GlobalSection(ProjectConfigurationPlatforms) = postSolution
		{266FD537-8C9D-487D-B3E5-6D80E1E0566B}.Debug|Any CPU.ActiveCfg = Debug|Any CPU
		{266FD537-8C9D-487D-B3E5-6D80E1E0566B}.Debug|Any CPU.Build.0 = Debug|Any CPU
		{266FD537-8C9D-487D-B3E5-6D80E1E0566B}.Release|Any CPU.ActiveCfg = Release|Any CPU
		{266FD537-8C9D-487D-B3E5-6D80E1E0566B}.Release|Any CPU.Build.0 = Release|Any CPU
		{27C84508-0DE2-490D-BBB8-8949D1EF683D}.Debug|Any CPU.ActiveCfg = Debug|Any CPU
		{27C84508-0DE2-490D-BBB8-8949D1EF683D}.Debug|Any CPU.Build.0 = Debug|Any CPU
		{27C84508-0DE2-490D-BBB8-8949D1EF683D}.Release|Any CPU.ActiveCfg = Release|Any CPU
		{27C84508-0DE2-490D-BBB8-8949D1EF683D}.Release|Any CPU.Build.0 = Release|Any CPU
		{43B0F658-B865-4607-8C76-C67ADAA933A7}.Debug|Any CPU.ActiveCfg = Debug|Any CPU
		{43B0F658-B865-4607-8C76-C67ADAA933A7}.Debug|Any CPU.Build.0 = Debug|Any CPU
		{43B0F658-B865-4607-8C76-C67ADAA933A7}.Release|Any CPU.ActiveCfg = Release|Any CPU
		{43B0F658-B865-4607-8C76-C67ADAA933A7}.Release|Any CPU.Build.0 = Release|Any CPU
		{A86DC505-01B2-41A4-91E9-016049073660}.Debug|Any CPU.ActiveCfg = Debug|Any CPU
		{A86DC505-01B2-41A4-91E9-016049073660}.Debug|Any CPU.Build.0 = Debug|Any CPU
		{A86DC505-01B2-41A4-91E9-016049073660}.Release|Any CPU.ActiveCfg = Release|Any CPU
		{A86DC505-01B2-41A4-91E9-016049073660}.Release|Any CPU.Build.0 = Release|Any CPU
		{4E990543-FC6A-484F-A055-FB5B96FA426D}.Debug|Any CPU.ActiveCfg = Debug|Any CPU
		{4E990543-FC6A-484F-A055-FB5B96FA426D}.Debug|Any CPU.Build.0 = Debug|Any CPU
		{4E990543-FC6A-484F-A055-FB5B96FA426D}.Release|Any CPU.ActiveCfg = Release|Any CPU
		{4E990543-FC6A-484F-A055-FB5B96FA426D}.Release|Any CPU.Build.0 = Release|Any CPU
		{59E7F0DE-0914-42D6-9EE9-4F8743EC31A0}.Debug|Any CPU.ActiveCfg = Debug|Any CPU
		{59E7F0DE-0914-42D6-9EE9-4F8743EC31A0}.Debug|Any CPU.Build.0 = Debug|Any CPU
		{59E7F0DE-0914-42D6-9EE9-4F8743EC31A0}.Release|Any CPU.ActiveCfg = Release|Any CPU
		{59E7F0DE-0914-42D6-9EE9-4F8743EC31A0}.Release|Any CPU.Build.0 = Release|Any CPU
		{466AA367-45D2-45FB-A967-3DAEFDD960B9}.Debug|Any CPU.ActiveCfg = Debug|Any CPU
		{466AA367-45D2-45FB-A967-3DAEFDD960B9}.Debug|Any CPU.Build.0 = Debug|Any CPU
		{466AA367-45D2-45FB-A967-3DAEFDD960B9}.Release|Any CPU.ActiveCfg = Release|Any CPU
		{466AA367-45D2-45FB-A967-3DAEFDD960B9}.Release|Any CPU.Build.0 = Release|Any CPU
		{D33DF5B7-7E9B-495A-9DE0-8EE5C6349446}.Debug|Any CPU.ActiveCfg = Debug|Any CPU
		{D33DF5B7-7E9B-495A-9DE0-8EE5C6349446}.Debug|Any CPU.Build.0 = Debug|Any CPU
		{D33DF5B7-7E9B-495A-9DE0-8EE5C6349446}.Release|Any CPU.ActiveCfg = Release|Any CPU
		{D33DF5B7-7E9B-495A-9DE0-8EE5C6349446}.Release|Any CPU.Build.0 = Release|Any CPU
		{A137213C-7614-45C7-BF80-6F9875E70C40}.Debug|Any CPU.ActiveCfg = Debug|Any CPU
		{A137213C-7614-45C7-BF80-6F9875E70C40}.Debug|Any CPU.Build.0 = Debug|Any CPU
		{A137213C-7614-45C7-BF80-6F9875E70C40}.Release|Any CPU.ActiveCfg = Release|Any CPU
		{A137213C-7614-45C7-BF80-6F9875E70C40}.Release|Any CPU.Build.0 = Release|Any CPU
		{5DB0CBD0-AEA2-4CB2-B24A-441039F8DC05}.Debug|Any CPU.ActiveCfg = Debug|Any CPU
		{5DB0CBD0-AEA2-4CB2-B24A-441039F8DC05}.Debug|Any CPU.Build.0 = Debug|Any CPU
		{5DB0CBD0-AEA2-4CB2-B24A-441039F8DC05}.Release|Any CPU.ActiveCfg = Release|Any CPU
		{5DB0CBD0-AEA2-4CB2-B24A-441039F8DC05}.Release|Any CPU.Build.0 = Release|Any CPU
		{FCFF4D0D-B27F-4099-805D-6A1944E1A5DF}.Debug|Any CPU.ActiveCfg = Debug|Any CPU
		{FCFF4D0D-B27F-4099-805D-6A1944E1A5DF}.Debug|Any CPU.Build.0 = Debug|Any CPU
		{FCFF4D0D-B27F-4099-805D-6A1944E1A5DF}.Release|Any CPU.ActiveCfg = Release|Any CPU
		{FCFF4D0D-B27F-4099-805D-6A1944E1A5DF}.Release|Any CPU.Build.0 = Release|Any CPU
		{3781EFB5-B35E-46B8-A055-5A0F2AEBB531}.Debug|Any CPU.ActiveCfg = Debug|Any CPU
		{3781EFB5-B35E-46B8-A055-5A0F2AEBB531}.Debug|Any CPU.Build.0 = Debug|Any CPU
		{3781EFB5-B35E-46B8-A055-5A0F2AEBB531}.Release|Any CPU.ActiveCfg = Release|Any CPU
		{3781EFB5-B35E-46B8-A055-5A0F2AEBB531}.Release|Any CPU.Build.0 = Release|Any CPU
		{8A324703-F727-4917-A405-358697F5B910}.Debug|Any CPU.ActiveCfg = Debug|Any CPU
		{8A324703-F727-4917-A405-358697F5B910}.Debug|Any CPU.Build.0 = Debug|Any CPU
		{8A324703-F727-4917-A405-358697F5B910}.Release|Any CPU.ActiveCfg = Release|Any CPU
		{8A324703-F727-4917-A405-358697F5B910}.Release|Any CPU.Build.0 = Release|Any CPU
	EndGlobalSection
	GlobalSection(SolutionProperties) = preSolution
		HideSolutionNode = FALSE
	EndGlobalSection
	GlobalSection(ExtensibilityGlobals) = postSolution
		SolutionGuid = {7A82D289-2F50-4816-9C15-437D0284A20E}
	EndGlobalSection
EndGlobal
